// !$*UTF8*$!
{
	archiveVersion = 1;
	classes = {
	};
	objectVersion = 55;
	objects = {

/* Begin PBXBuildFile section */
		1A9790C727B2760800485132 /* AbsenceView.swift in Sources */ = {isa = PBXBuildFile; fileRef = 1A9790C627B2760800485132 /* AbsenceView.swift */; };
		1A9790C927B276EE00485132 /* RootTabView.swift in Sources */ = {isa = PBXBuildFile; fileRef = 1A9790C827B276EE00485132 /* RootTabView.swift */; };
		1A9790CB27B277DA00485132 /* StatisticsView.swift in Sources */ = {isa = PBXBuildFile; fileRef = 1A9790CA27B277DA00485132 /* StatisticsView.swift */; };
		1A9790CD27B27A0100485132 /* StateController.swift in Sources */ = {isa = PBXBuildFile; fileRef = 1A9790CC27B27A0100485132 /* StateController.swift */; };
		1AFCF34627AC5747001991CD /* absenceRecorderApp.swift in Sources */ = {isa = PBXBuildFile; fileRef = 1AFCF34527AC5747001991CD /* absenceRecorderApp.swift */; };
		1AFCF34827AC5747001991CD /* DivisionsView.swift in Sources */ = {isa = PBXBuildFile; fileRef = 1AFCF34727AC5747001991CD /* DivisionsView.swift */; };
		1AFCF34A27AC5749001991CD /* Assets.xcassets in Resources */ = {isa = PBXBuildFile; fileRef = 1AFCF34927AC5749001991CD /* Assets.xcassets */; };
		1AFCF34D27AC5749001991CD /* Preview Assets.xcassets in Resources */ = {isa = PBXBuildFile; fileRef = 1AFCF34C27AC5749001991CD /* Preview Assets.xcassets */; };
		1AFCF35727AC574A001991CD /* absenceRecorderTests.swift in Sources */ = {isa = PBXBuildFile; fileRef = 1AFCF35627AC574A001991CD /* absenceRecorderTests.swift */; };
		1AFCF36127AC574A001991CD /* absenceRecorderUITests.swift in Sources */ = {isa = PBXBuildFile; fileRef = 1AFCF36027AC574A001991CD /* absenceRecorderUITests.swift */; };
		1AFCF36327AC574A001991CD /* absenceRecorderUITestsLaunchTests.swift in Sources */ = {isa = PBXBuildFile; fileRef = 1AFCF36227AC574A001991CD /* absenceRecorderUITestsLaunchTests.swift */; };
		1AFCF37327AC59AC001991CD /* Student.swift in Sources */ = {isa = PBXBuildFile; fileRef = 1AFCF37227AC59AC001991CD /* Student.swift */; };
		1AFCF37527AC5AAC001991CD /* Div.swift in Sources */ = {isa = PBXBuildFile; fileRef = 1AFCF37427AC5AAC001991CD /* Div.swift */; };
		1AFCF37827B05799001991CD /* Date.swift in Sources */ = {isa = PBXBuildFile; fileRef = 1AFCF37727B05799001991CD /* Date.swift */; };
		1AFCF37C27B0844E001991CD /* DivisionItem.swift in Sources */ = {isa = PBXBuildFile; fileRef = 1AFCF37B27B0844E001991CD /* DivisionItem.swift */; };
/* End PBXBuildFile section */

/* Begin PBXContainerItemProxy section */
		1AFCF35327AC574A001991CD /* PBXContainerItemProxy */ = {
			isa = PBXContainerItemProxy;
			containerPortal = 1AFCF33A27AC5747001991CD /* Project object */;
			proxyType = 1;
			remoteGlobalIDString = 1AFCF34127AC5747001991CD;
			remoteInfo = absenceRecorder;
		};
		1AFCF35D27AC574A001991CD /* PBXContainerItemProxy */ = {
			isa = PBXContainerItemProxy;
			containerPortal = 1AFCF33A27AC5747001991CD /* Project object */;
			proxyType = 1;
			remoteGlobalIDString = 1AFCF34127AC5747001991CD;
			remoteInfo = absenceRecorder;
		};
/* End PBXContainerItemProxy section */

/* Begin PBXFileReference section */
		1A9790C627B2760800485132 /* AbsenceView.swift */ = {isa = PBXFileReference; lastKnownFileType = sourcecode.swift; path = AbsenceView.swift; sourceTree = "<group>"; };
		1A9790C827B276EE00485132 /* RootTabView.swift */ = {isa = PBXFileReference; lastKnownFileType = sourcecode.swift; path = RootTabView.swift; sourceTree = "<group>"; };
		1A9790CA27B277DA00485132 /* StatisticsView.swift */ = {isa = PBXFileReference; lastKnownFileType = sourcecode.swift; path = StatisticsView.swift; sourceTree = "<group>"; };
		1A9790CC27B27A0100485132 /* StateController.swift */ = {isa = PBXFileReference; lastKnownFileType = sourcecode.swift; path = StateController.swift; sourceTree = "<group>"; };
		1AFCF34227AC5747001991CD /* absenceRecorder.app */ = {isa = PBXFileReference; explicitFileType = wrapper.application; includeInIndex = 0; path = absenceRecorder.app; sourceTree = BUILT_PRODUCTS_DIR; };
		1AFCF34527AC5747001991CD /* absenceRecorderApp.swift */ = {isa = PBXFileReference; lastKnownFileType = sourcecode.swift; path = absenceRecorderApp.swift; sourceTree = "<group>"; };
		1AFCF34727AC5747001991CD /* DivisionsView.swift */ = {isa = PBXFileReference; lastKnownFileType = sourcecode.swift; path = DivisionsView.swift; sourceTree = "<group>"; };
		1AFCF34927AC5749001991CD /* Assets.xcassets */ = {isa = PBXFileReference; lastKnownFileType = folder.assetcatalog; path = Assets.xcassets; sourceTree = "<group>"; };
		1AFCF34C27AC5749001991CD /* Preview Assets.xcassets */ = {isa = PBXFileReference; lastKnownFileType = folder.assetcatalog; path = "Preview Assets.xcassets"; sourceTree = "<group>"; };
		1AFCF35227AC574A001991CD /* absenceRecorderTests.xctest */ = {isa = PBXFileReference; explicitFileType = wrapper.cfbundle; includeInIndex = 0; path = absenceRecorderTests.xctest; sourceTree = BUILT_PRODUCTS_DIR; };
		1AFCF35627AC574A001991CD /* absenceRecorderTests.swift */ = {isa = PBXFileReference; lastKnownFileType = sourcecode.swift; path = absenceRecorderTests.swift; sourceTree = "<group>"; };
		1AFCF35C27AC574A001991CD /* absenceRecorderUITests.xctest */ = {isa = PBXFileReference; explicitFileType = wrapper.cfbundle; includeInIndex = 0; path = absenceRecorderUITests.xctest; sourceTree = BUILT_PRODUCTS_DIR; };
		1AFCF36027AC574A001991CD /* absenceRecorderUITests.swift */ = {isa = PBXFileReference; lastKnownFileType = sourcecode.swift; path = absenceRecorderUITests.swift; sourceTree = "<group>"; };
		1AFCF36227AC574A001991CD /* absenceRecorderUITestsLaunchTests.swift */ = {isa = PBXFileReference; lastKnownFileType = sourcecode.swift; path = absenceRecorderUITestsLaunchTests.swift; sourceTree = "<group>"; };
		1AFCF37227AC59AC001991CD /* Student.swift */ = {isa = PBXFileReference; lastKnownFileType = sourcecode.swift; path = Student.swift; sourceTree = "<group>"; };
		1AFCF37427AC5AAC001991CD /* Div.swift */ = {isa = PBXFileReference; lastKnownFileType = sourcecode.swift; path = Div.swift; sourceTree = "<group>"; };
		1AFCF37727B05799001991CD /* Date.swift */ = {isa = PBXFileReference; lastKnownFileType = sourcecode.swift; path = Date.swift; sourceTree = "<group>"; };
		1AFCF37B27B0844E001991CD /* DivisionItem.swift */ = {isa = PBXFileReference; lastKnownFileType = sourcecode.swift; path = DivisionItem.swift; sourceTree = "<group>"; };
/* End PBXFileReference section */

/* Begin PBXFrameworksBuildPhase section */
		1AFCF33F27AC5747001991CD /* Frameworks */ = {
			isa = PBXFrameworksBuildPhase;
			buildActionMask = 2147483647;
			files = (
			);
			runOnlyForDeploymentPostprocessing = 0;
		};
		1AFCF34F27AC574A001991CD /* Frameworks */ = {
			isa = PBXFrameworksBuildPhase;
			buildActionMask = 2147483647;
			files = (
			);
			runOnlyForDeploymentPostprocessing = 0;
		};
		1AFCF35927AC574A001991CD /* Frameworks */ = {
			isa = PBXFrameworksBuildPhase;
			buildActionMask = 2147483647;
			files = (
			);
			runOnlyForDeploymentPostprocessing = 0;
		};
/* End PBXFrameworksBuildPhase section */

/* Begin PBXGroup section */
		1AFCF33927AC5747001991CD = {
			isa = PBXGroup;
			children = (
				1AFCF34427AC5747001991CD /* absenceRecorder */,
				1AFCF35527AC574A001991CD /* absenceRecorderTests */,
				1AFCF35F27AC574A001991CD /* absenceRecorderUITests */,
				1AFCF34327AC5747001991CD /* Products */,
			);
			sourceTree = "<group>";
		};
		1AFCF34327AC5747001991CD /* Products */ = {
			isa = PBXGroup;
			children = (
				1AFCF34227AC5747001991CD /* absenceRecorder.app */,
				1AFCF35227AC574A001991CD /* absenceRecorderTests.xctest */,
				1AFCF35C27AC574A001991CD /* absenceRecorderUITests.xctest */,
			);
			name = Products;
			sourceTree = "<group>";
		};
		1AFCF34427AC5747001991CD /* absenceRecorder */ = {
			isa = PBXGroup;
			children = (
				1AFCF37627B0577C001991CD /* Extensions */,
				1AFCF37127AC5965001991CD /* Views */,
				1AFCF36F27AC5946001991CD /* Model */,
				1AFCF34527AC5747001991CD /* absenceRecorderApp.swift */,
				1AFCF34927AC5749001991CD /* Assets.xcassets */,
				1AFCF34B27AC5749001991CD /* Preview Content */,
			);
			path = absenceRecorder;
			sourceTree = "<group>";
		};
		1AFCF34B27AC5749001991CD /* Preview Content */ = {
			isa = PBXGroup;
			children = (
				1AFCF34C27AC5749001991CD /* Preview Assets.xcassets */,
			);
			path = "Preview Content";
			sourceTree = "<group>";
		};
		1AFCF35527AC574A001991CD /* absenceRecorderTests */ = {
			isa = PBXGroup;
			children = (
				1AFCF35627AC574A001991CD /* absenceRecorderTests.swift */,
			);
			path = absenceRecorderTests;
			sourceTree = "<group>";
		};
		1AFCF35F27AC574A001991CD /* absenceRecorderUITests */ = {
			isa = PBXGroup;
			children = (
				1AFCF36027AC574A001991CD /* absenceRecorderUITests.swift */,
				1AFCF36227AC574A001991CD /* absenceRecorderUITestsLaunchTests.swift */,
			);
			path = absenceRecorderUITests;
			sourceTree = "<group>";
		};
		1AFCF36F27AC5946001991CD /* Model */ = {
			isa = PBXGroup;
			children = (
				1A9790CC27B27A0100485132 /* StateController.swift */,
				1AFCF37427AC5AAC001991CD /* Div.swift */,
				1AFCF37227AC59AC001991CD /* Student.swift */,
			);
			path = Model;
			sourceTree = "<group>";
		};
		1AFCF37127AC5965001991CD /* Views */ = {
			isa = PBXGroup;
			children = (
				1AFCF34727AC5747001991CD /* DivisionsView.swift */,
				1AFCF37B27B0844E001991CD /* DivisionItem.swift */,
				1A9790C627B2760800485132 /* AbsenceView.swift */,
				1A9790C827B276EE00485132 /* RootTabView.swift */,
				1A9790CA27B277DA00485132 /* StatisticsView.swift */,
			);
			path = Views;
			sourceTree = "<group>";
		};
		1AFCF37627B0577C001991CD /* Extensions */ = {
			isa = PBXGroup;
			children = (
				1AFCF37727B05799001991CD /* Date.swift */,
			);
			path = Extensions;
			sourceTree = "<group>";
		};
/* End PBXGroup section */

/* Begin PBXNativeTarget section */
		1AFCF34127AC5747001991CD /* absenceRecorder */ = {
			isa = PBXNativeTarget;
			buildConfigurationList = 1AFCF36627AC574A001991CD /* Build configuration list for PBXNativeTarget "absenceRecorder" */;
			buildPhases = (
				1AFCF33E27AC5747001991CD /* Sources */,
				1AFCF33F27AC5747001991CD /* Frameworks */,
				1AFCF34027AC5747001991CD /* Resources */,
			);
			buildRules = (
			);
			dependencies = (
			);
			name = absenceRecorder;
			productName = absenceRecorder;
			productReference = 1AFCF34227AC5747001991CD /* absenceRecorder.app */;
			productType = "com.apple.product-type.application";
		};
		1AFCF35127AC574A001991CD /* absenceRecorderTests */ = {
			isa = PBXNativeTarget;
			buildConfigurationList = 1AFCF36927AC574A001991CD /* Build configuration list for PBXNativeTarget "absenceRecorderTests" */;
			buildPhases = (
				1AFCF34E27AC574A001991CD /* Sources */,
				1AFCF34F27AC574A001991CD /* Frameworks */,
				1AFCF35027AC574A001991CD /* Resources */,
			);
			buildRules = (
			);
			dependencies = (
				1AFCF35427AC574A001991CD /* PBXTargetDependency */,
			);
			name = absenceRecorderTests;
			productName = absenceRecorderTests;
			productReference = 1AFCF35227AC574A001991CD /* absenceRecorderTests.xctest */;
			productType = "com.apple.product-type.bundle.unit-test";
		};
		1AFCF35B27AC574A001991CD /* absenceRecorderUITests */ = {
			isa = PBXNativeTarget;
			buildConfigurationList = 1AFCF36C27AC574A001991CD /* Build configuration list for PBXNativeTarget "absenceRecorderUITests" */;
			buildPhases = (
				1AFCF35827AC574A001991CD /* Sources */,
				1AFCF35927AC574A001991CD /* Frameworks */,
				1AFCF35A27AC574A001991CD /* Resources */,
			);
			buildRules = (
			);
			dependencies = (
				1AFCF35E27AC574A001991CD /* PBXTargetDependency */,
			);
			name = absenceRecorderUITests;
			productName = absenceRecorderUITests;
			productReference = 1AFCF35C27AC574A001991CD /* absenceRecorderUITests.xctest */;
			productType = "com.apple.product-type.bundle.ui-testing";
		};
/* End PBXNativeTarget section */

/* Begin PBXProject section */
		1AFCF33A27AC5747001991CD /* Project object */ = {
			isa = PBXProject;
			attributes = {
				BuildIndependentTargetsInParallel = 1;
				LastSwiftUpdateCheck = 1300;
				LastUpgradeCheck = 1300;
				TargetAttributes = {
					1AFCF34127AC5747001991CD = {
						CreatedOnToolsVersion = 13.0;
					};
					1AFCF35127AC574A001991CD = {
						CreatedOnToolsVersion = 13.0;
						TestTargetID = 1AFCF34127AC5747001991CD;
					};
					1AFCF35B27AC574A001991CD = {
						CreatedOnToolsVersion = 13.0;
						TestTargetID = 1AFCF34127AC5747001991CD;
					};
				};
			};
			buildConfigurationList = 1AFCF33D27AC5747001991CD /* Build configuration list for PBXProject "absenceRecorder" */;
			compatibilityVersion = "Xcode 13.0";
			developmentRegion = en;
			hasScannedForEncodings = 0;
			knownRegions = (
				en,
				Base,
			);
			mainGroup = 1AFCF33927AC5747001991CD;
			productRefGroup = 1AFCF34327AC5747001991CD /* Products */;
			projectDirPath = "";
			projectRoot = "";
			targets = (
				1AFCF34127AC5747001991CD /* absenceRecorder */,
				1AFCF35127AC574A001991CD /* absenceRecorderTests */,
				1AFCF35B27AC574A001991CD /* absenceRecorderUITests */,
			);
		};
/* End PBXProject section */

/* Begin PBXResourcesBuildPhase section */
		1AFCF34027AC5747001991CD /* Resources */ = {
			isa = PBXResourcesBuildPhase;
			buildActionMask = 2147483647;
			files = (
				1AFCF34D27AC5749001991CD /* Preview Assets.xcassets in Resources */,
				1AFCF34A27AC5749001991CD /* Assets.xcassets in Resources */,
			);
			runOnlyForDeploymentPostprocessing = 0;
		};
		1AFCF35027AC574A001991CD /* Resources */ = {
			isa = PBXResourcesBuildPhase;
			buildActionMask = 2147483647;
			files = (
			);
			runOnlyForDeploymentPostprocessing = 0;
		};
		1AFCF35A27AC574A001991CD /* Resources */ = {
			isa = PBXResourcesBuildPhase;
			buildActionMask = 2147483647;
			files = (
			);
			runOnlyForDeploymentPostprocessing = 0;
		};
/* End PBXResourcesBuildPhase section */

/* Begin PBXSourcesBuildPhase section */
		1AFCF33E27AC5747001991CD /* Sources */ = {
			isa = PBXSourcesBuildPhase;
			buildActionMask = 2147483647;
			files = (
				1AFCF34827AC5747001991CD /* DivisionsView.swift in Sources */,
				1AFCF37C27B0844E001991CD /* DivisionItem.swift in Sources */,
				1A9790C927B276EE00485132 /* RootTabView.swift in Sources */,
				1AFCF37827B05799001991CD /* Date.swift in Sources */,
				1A9790CB27B277DA00485132 /* StatisticsView.swift in Sources */,
				1AFCF37327AC59AC001991CD /* Student.swift in Sources */,
				1AFCF34627AC5747001991CD /* absenceRecorderApp.swift in Sources */,
				1AFCF37527AC5AAC001991CD /* Div.swift in Sources */,
				1A9790C727B2760800485132 /* AbsenceView.swift in Sources */,
				1A9790CD27B27A0100485132 /* StateController.swift in Sources */,
			);
			runOnlyForDeploymentPostprocessing = 0;
		};
		1AFCF34E27AC574A001991CD /* Sources */ = {
			isa = PBXSourcesBuildPhase;
			buildActionMask = 2147483647;
			files = (
				1AFCF35727AC574A001991CD /* absenceRecorderTests.swift in Sources */,
			);
			runOnlyForDeploymentPostprocessing = 0;
		};
		1AFCF35827AC574A001991CD /* Sources */ = {
			isa = PBXSourcesBuildPhase;
			buildActionMask = 2147483647;
			files = (
				1AFCF36327AC574A001991CD /* absenceRecorderUITestsLaunchTests.swift in Sources */,
				1AFCF36127AC574A001991CD /* absenceRecorderUITests.swift in Sources */,
			);
			runOnlyForDeploymentPostprocessing = 0;
		};
/* End PBXSourcesBuildPhase section */

/* Begin PBXTargetDependency section */
		1AFCF35427AC574A001991CD /* PBXTargetDependency */ = {
			isa = PBXTargetDependency;
			target = 1AFCF34127AC5747001991CD /* absenceRecorder */;
			targetProxy = 1AFCF35327AC574A001991CD /* PBXContainerItemProxy */;
		};
		1AFCF35E27AC574A001991CD /* PBXTargetDependency */ = {
			isa = PBXTargetDependency;
			target = 1AFCF34127AC5747001991CD /* absenceRecorder */;
			targetProxy = 1AFCF35D27AC574A001991CD /* PBXContainerItemProxy */;
		};
/* End PBXTargetDependency section */

/* Begin XCBuildConfiguration section */
		1AFCF36427AC574A001991CD /* Debug */ = {
			isa = XCBuildConfiguration;
			buildSettings = {
				ALWAYS_SEARCH_USER_PATHS = NO;
				CLANG_ANALYZER_NONNULL = YES;
				CLANG_ANALYZER_NUMBER_OBJECT_CONVERSION = YES_AGGRESSIVE;
				CLANG_CXX_LANGUAGE_STANDARD = "gnu++17";
				CLANG_CXX_LIBRARY = "libc++";
				CLANG_ENABLE_MODULES = YES;
				CLANG_ENABLE_OBJC_ARC = YES;
				CLANG_ENABLE_OBJC_WEAK = YES;
				CLANG_WARN_BLOCK_CAPTURE_AUTORELEASING = YES;
				CLANG_WARN_BOOL_CONVERSION = YES;
				CLANG_WARN_COMMA = YES;
				CLANG_WARN_CONSTANT_CONVERSION = YES;
				CLANG_WARN_DEPRECATED_OBJC_IMPLEMENTATIONS = YES;
				CLANG_WARN_DIRECT_OBJC_ISA_USAGE = YES_ERROR;
				CLANG_WARN_DOCUMENTATION_COMMENTS = YES;
				CLANG_WARN_EMPTY_BODY = YES;
				CLANG_WARN_ENUM_CONVERSION = YES;
				CLANG_WARN_INFINITE_RECURSION = YES;
				CLANG_WARN_INT_CONVERSION = YES;
				CLANG_WARN_NON_LITERAL_NULL_CONVERSION = YES;
				CLANG_WARN_OBJC_IMPLICIT_RETAIN_SELF = YES;
				CLANG_WARN_OBJC_LITERAL_CONVERSION = YES;
				CLANG_WARN_OBJC_ROOT_CLASS = YES_ERROR;
				CLANG_WARN_QUOTED_INCLUDE_IN_FRAMEWORK_HEADER = YES;
				CLANG_WARN_RANGE_LOOP_ANALYSIS = YES;
				CLANG_WARN_STRICT_PROTOTYPES = YES;
				CLANG_WARN_SUSPICIOUS_MOVE = YES;
				CLANG_WARN_UNGUARDED_AVAILABILITY = YES_AGGRESSIVE;
				CLANG_WARN_UNREACHABLE_CODE = YES;
				CLANG_WARN__DUPLICATE_METHOD_MATCH = YES;
				COPY_PHASE_STRIP = NO;
				DEBUG_INFORMATION_FORMAT = dwarf;
				ENABLE_STRICT_OBJC_MSGSEND = YES;
				ENABLE_TESTABILITY = YES;
				GCC_C_LANGUAGE_STANDARD = gnu11;
				GCC_DYNAMIC_NO_PIC = NO;
				GCC_NO_COMMON_BLOCKS = YES;
				GCC_OPTIMIZATION_LEVEL = 0;
				GCC_PREPROCESSOR_DEFINITIONS = (
					"DEBUG=1",
					"$(inherited)",
				);
				GCC_WARN_64_TO_32_BIT_CONVERSION = YES;
				GCC_WARN_ABOUT_RETURN_TYPE = YES_ERROR;
				GCC_WARN_UNDECLARED_SELECTOR = YES;
				GCC_WARN_UNINITIALIZED_AUTOS = YES_AGGRESSIVE;
				GCC_WARN_UNUSED_FUNCTION = YES;
				GCC_WARN_UNUSED_VARIABLE = YES;
				IPHONEOS_DEPLOYMENT_TARGET = 15.0;
				MTL_ENABLE_DEBUG_INFO = INCLUDE_SOURCE;
				MTL_FAST_MATH = YES;
				ONLY_ACTIVE_ARCH = YES;
				SDKROOT = iphoneos;
				SWIFT_ACTIVE_COMPILATION_CONDITIONS = DEBUG;
				SWIFT_OPTIMIZATION_LEVEL = "-Onone";
			};
			name = Debug;
		};
		1AFCF36527AC574A001991CD /* Release */ = {
			isa = XCBuildConfiguration;
			buildSettings = {
				ALWAYS_SEARCH_USER_PATHS = NO;
				CLANG_ANALYZER_NONNULL = YES;
				CLANG_ANALYZER_NUMBER_OBJECT_CONVERSION = YES_AGGRESSIVE;
				CLANG_CXX_LANGUAGE_STANDARD = "gnu++17";
				CLANG_CXX_LIBRARY = "libc++";
				CLANG_ENABLE_MODULES = YES;
				CLANG_ENABLE_OBJC_ARC = YES;
				CLANG_ENABLE_OBJC_WEAK = YES;
				CLANG_WARN_BLOCK_CAPTURE_AUTORELEASING = YES;
				CLANG_WARN_BOOL_CONVERSION = YES;
				CLANG_WARN_COMMA = YES;
				CLANG_WARN_CONSTANT_CONVERSION = YES;
				CLANG_WARN_DEPRECATED_OBJC_IMPLEMENTATIONS = YES;
				CLANG_WARN_DIRECT_OBJC_ISA_USAGE = YES_ERROR;
				CLANG_WARN_DOCUMENTATION_COMMENTS = YES;
				CLANG_WARN_EMPTY_BODY = YES;
				CLANG_WARN_ENUM_CONVERSION = YES;
				CLANG_WARN_INFINITE_RECURSION = YES;
				CLANG_WARN_INT_CONVERSION = YES;
				CLANG_WARN_NON_LITERAL_NULL_CONVERSION = YES;
				CLANG_WARN_OBJC_IMPLICIT_RETAIN_SELF = YES;
				CLANG_WARN_OBJC_LITERAL_CONVERSION = YES;
				CLANG_WARN_OBJC_ROOT_CLASS = YES_ERROR;
				CLANG_WARN_QUOTED_INCLUDE_IN_FRAMEWORK_HEADER = YES;
				CLANG_WARN_RANGE_LOOP_ANALYSIS = YES;
				CLANG_WARN_STRICT_PROTOTYPES = YES;
				CLANG_WARN_SUSPICIOUS_MOVE = YES;
				CLANG_WARN_UNGUARDED_AVAILABILITY = YES_AGGRESSIVE;
				CLANG_WARN_UNREACHABLE_CODE = YES;
				CLANG_WARN__DUPLICATE_METHOD_MATCH = YES;
				COPY_PHASE_STRIP = NO;
				DEBUG_INFORMATION_FORMAT = "dwarf-with-dsym";
				ENABLE_NS_ASSERTIONS = NO;
				ENABLE_STRICT_OBJC_MSGSEND = YES;
				GCC_C_LANGUAGE_STANDARD = gnu11;
				GCC_NO_COMMON_BLOCKS = YES;
				GCC_WARN_64_TO_32_BIT_CONVERSION = YES;
				GCC_WARN_ABOUT_RETURN_TYPE = YES_ERROR;
				GCC_WARN_UNDECLARED_SELECTOR = YES;
				GCC_WARN_UNINITIALIZED_AUTOS = YES_AGGRESSIVE;
				GCC_WARN_UNUSED_FUNCTION = YES;
				GCC_WARN_UNUSED_VARIABLE = YES;
				IPHONEOS_DEPLOYMENT_TARGET = 15.0;
				MTL_ENABLE_DEBUG_INFO = NO;
				MTL_FAST_MATH = YES;
				SDKROOT = iphoneos;
				SWIFT_COMPILATION_MODE = wholemodule;
				SWIFT_OPTIMIZATION_LEVEL = "-O";
				VALIDATE_PRODUCT = YES;
			};
			name = Release;
		};
		1AFCF36727AC574A001991CD /* Debug */ = {
			isa = XCBuildConfiguration;
			buildSettings = {
				ASSETCATALOG_COMPILER_APPICON_NAME = AppIcon;
				ASSETCATALOG_COMPILER_GLOBAL_ACCENT_COLOR_NAME = AccentColor;
				CODE_SIGN_STYLE = Automatic;
				CURRENT_PROJECT_VERSION = 1;
				DEVELOPMENT_ASSET_PATHS = "\"absenceRecorder/Preview Content\"";
				DEVELOPMENT_TEAM = 4TKY2NP8SA;
				ENABLE_PREVIEWS = YES;
				GENERATE_INFOPLIST_FILE = YES;
				INFOPLIST_KEY_UIApplicationSceneManifest_Generation = YES;
				INFOPLIST_KEY_UIApplicationSupportsIndirectInputEvents = YES;
				INFOPLIST_KEY_UILaunchScreen_Generation = YES;
				INFOPLIST_KEY_UISupportedInterfaceOrientations_iPad = "UIInterfaceOrientationPortrait UIInterfaceOrientationPortraitUpsideDown UIInterfaceOrientationLandscapeLeft UIInterfaceOrientationLandscapeRight";
				INFOPLIST_KEY_UISupportedInterfaceOrientations_iPhone = "UIInterfaceOrientationPortrait UIInterfaceOrientationLandscapeLeft UIInterfaceOrientationLandscapeRight";
				IPHONEOS_DEPLOYMENT_TARGET = 14.0;
				LD_RUNPATH_SEARCH_PATHS = (
					"$(inherited)",
					"@executable_path/Frameworks",
				);
				MARKETING_VERSION = 1.0;
				PRODUCT_BUNDLE_IDENTIFIER = com.etoncollege.absenceRecorder;
				PRODUCT_NAME = "$(TARGET_NAME)";
				SWIFT_EMIT_LOC_STRINGS = YES;
				SWIFT_VERSION = 5.0;
				TARGETED_DEVICE_FAMILY = "1,2";
			};
			name = Debug;
		};
		1AFCF36827AC574A001991CD /* Release */ = {
			isa = XCBuildConfiguration;
			buildSettings = {
				ASSETCATALOG_COMPILER_APPICON_NAME = AppIcon;
				ASSETCATALOG_COMPILER_GLOBAL_ACCENT_COLOR_NAME = AccentColor;
				CODE_SIGN_STYLE = Automatic;
				CURRENT_PROJECT_VERSION = 1;
				DEVELOPMENT_ASSET_PATHS = "\"absenceRecorder/Preview Content\"";
				DEVELOPMENT_TEAM = 4TKY2NP8SA;
				ENABLE_PREVIEWS = YES;
				GENERATE_INFOPLIST_FILE = YES;
				INFOPLIST_KEY_UIApplicationSceneManifest_Generation = YES;
				INFOPLIST_KEY_UIApplicationSupportsIndirectInputEvents = YES;
				INFOPLIST_KEY_UILaunchScreen_Generation = YES;
				INFOPLIST_KEY_UISupportedInterfaceOrientations_iPad = "UIInterfaceOrientationPortrait UIInterfaceOrientationPortraitUpsideDown UIInterfaceOrientationLandscapeLeft UIInterfaceOrientationLandscapeRight";
				INFOPLIST_KEY_UISupportedInterfaceOrientations_iPhone = "UIInterfaceOrientationPortrait UIInterfaceOrientationLandscapeLeft UIInterfaceOrientationLandscapeRight";
				IPHONEOS_DEPLOYMENT_TARGET = 14.0;
				LD_RUNPATH_SEARCH_PATHS = (
					"$(inherited)",
					"@executable_path/Frameworks",
				);
				MARKETING_VERSION = 1.0;
				PRODUCT_BUNDLE_IDENTIFIER = com.etoncollege.absenceRecorder;
				PRODUCT_NAME = "$(TARGET_NAME)";
				SWIFT_EMIT_LOC_STRINGS = YES;
				SWIFT_VERSION = 5.0;
				TARGETED_DEVICE_FAMILY = "1,2";
			};
			name = Release;
		};
		1AFCF36A27AC574A001991CD /* Debug */ = {
			isa = XCBuildConfiguration;
			buildSettings = {
				ALWAYS_EMBED_SWIFT_STANDARD_LIBRARIES = YES;
				BUNDLE_LOADER = "$(TEST_HOST)";
				CODE_SIGN_STYLE = Automatic;
				CURRENT_PROJECT_VERSION = 1;
				DEVELOPMENT_TEAM = 4TKY2NP8SA;
				GENERATE_INFOPLIST_FILE = YES;
				IPHONEOS_DEPLOYMENT_TARGET = 14.0;
				LD_RUNPATH_SEARCH_PATHS = (
					"$(inherited)",
					"@executable_path/Frameworks",
					"@loader_path/Frameworks",
				);
				MARKETING_VERSION = 1.0;
				PRODUCT_BUNDLE_IDENTIFIER = com.etoncollege.absenceRecorderTests;
				PRODUCT_NAME = "$(TARGET_NAME)";
				SWIFT_EMIT_LOC_STRINGS = NO;
				SWIFT_VERSION = 5.0;
				TARGETED_DEVICE_FAMILY = "1,2";
				TEST_HOST = "$(BUILT_PRODUCTS_DIR)/absenceRecorder.app/absenceRecorder";
			};
			name = Debug;
		};
		1AFCF36B27AC574A001991CD /* Release */ = {
			isa = XCBuildConfiguration;
			buildSettings = {
				ALWAYS_EMBED_SWIFT_STANDARD_LIBRARIES = YES;
				BUNDLE_LOADER = "$(TEST_HOST)";
				CODE_SIGN_STYLE = Automatic;
				CURRENT_PROJECT_VERSION = 1;
				DEVELOPMENT_TEAM = 4TKY2NP8SA;
				GENERATE_INFOPLIST_FILE = YES;
				IPHONEOS_DEPLOYMENT_TARGET = 14.0;
				LD_RUNPATH_SEARCH_PATHS = (
					"$(inherited)",
					"@executable_path/Frameworks",
					"@loader_path/Frameworks",
				);
				MARKETING_VERSION = 1.0;
				PRODUCT_BUNDLE_IDENTIFIER = com.etoncollege.absenceRecorderTests;
				PRODUCT_NAME = "$(TARGET_NAME)";
				SWIFT_EMIT_LOC_STRINGS = NO;
				SWIFT_VERSION = 5.0;
				TARGETED_DEVICE_FAMILY = "1,2";
				TEST_HOST = "$(BUILT_PRODUCTS_DIR)/absenceRecorder.app/absenceRecorder";
			};
			name = Release;
		};
		1AFCF36D27AC574A001991CD /* Debug */ = {
			isa = XCBuildConfiguration;
			buildSettings = {
				ALWAYS_EMBED_SWIFT_STANDARD_LIBRARIES = YES;
				CODE_SIGN_STYLE = Automatic;
				CURRENT_PROJECT_VERSION = 1;
				DEVELOPMENT_TEAM = 4TKY2NP8SA;
				GENERATE_INFOPLIST_FILE = YES;
				LD_RUNPATH_SEARCH_PATHS = (
					"$(inherited)",
					"@executable_path/Frameworks",
					"@loader_path/Frameworks",
				);
				MARKETING_VERSION = 1.0;
				PRODUCT_BUNDLE_IDENTIFIER = com.etoncollege.absenceRecorderUITests;
				PRODUCT_NAME = "$(TARGET_NAME)";
				SWIFT_EMIT_LOC_STRINGS = NO;
				SWIFT_VERSION = 5.0;
				TARGETED_DEVICE_FAMILY = "1,2";
				TEST_TARGET_NAME = absenceRecorder;
			};
			name = Debug;
		};
		1AFCF36E27AC574A001991CD /* Release */ = {
			isa = XCBuildConfiguration;
			buildSettings = {
				ALWAYS_EMBED_SWIFT_STANDARD_LIBRARIES = YES;
				CODE_SIGN_STYLE = Automatic;
				CURRENT_PROJECT_VERSION = 1;
				DEVELOPMENT_TEAM = 4TKY2NP8SA;
				GENERATE_INFOPLIST_FILE = YES;
				LD_RUNPATH_SEARCH_PATHS = (
					"$(inherited)",
					"@executable_path/Frameworks",
					"@loader_path/Frameworks",
				);
				MARKETING_VERSION = 1.0;
				PRODUCT_BUNDLE_IDENTIFIER = com.etoncollege.absenceRecorderUITests;
				PRODUCT_NAME = "$(TARGET_NAME)";
				SWIFT_EMIT_LOC_STRINGS = NO;
				SWIFT_VERSION = 5.0;
				TARGETED_DEVICE_FAMILY = "1,2";
				TEST_TARGET_NAME = absenceRecorder;
			};
			name = Release;
		};
/* End XCBuildConfiguration section */

/* Begin XCConfigurationList section */
		1AFCF33D27AC5747001991CD /* Build configuration list for PBXProject "absenceRecorder" */ = {
			isa = XCConfigurationList;
			buildConfigurations = (
				1AFCF36427AC574A001991CD /* Debug */,
				1AFCF36527AC574A001991CD /* Release */,
			);
			defaultConfigurationIsVisible = 0;
			defaultConfigurationName = Release;
		};
		1AFCF36627AC574A001991CD /* Build configuration list for PBXNativeTarget "absenceRecorder" */ = {
			isa = XCConfigurationList;
			buildConfigurations = (
				1AFCF36727AC574A001991CD /* Debug */,
				1AFCF36827AC574A001991CD /* Release */,
			);
			defaultConfigurationIsVisible = 0;
			defaultConfigurationName = Release;
		};
		1AFCF36927AC574A001991CD /* Build configuration list for PBXNativeTarget "absenceRecorderTests" */ = {
			isa = XCConfigurationList;
			buildConfigurations = (
				1AFCF36A27AC574A001991CD /* Debug */,
				1AFCF36B27AC574A001991CD /* Release */,
			);
			defaultConfigurationIsVisible = 0;
			defaultConfigurationName = Release;
		};
		1AFCF36C27AC574A001991CD /* Build configuration list for PBXNativeTarget "absenceRecorderUITests" */ = {
			isa = XCConfigurationList;
			buildConfigurations = (
				1AFCF36D27AC574A001991CD /* Debug */,
				1AFCF36E27AC574A001991CD /* Release */,
			);
			defaultConfigurationIsVisible = 0;
			defaultConfigurationName = Release;
		};
/* End XCConfigurationList section */
	};
	rootObject = 1AFCF33A27AC5747001991CD /* Project object */;
}
